// !$*UTF8*$!
{
	archiveVersion = 1;
	classes = {
	};
	objectVersion = 46;
	objects = {

/* Begin PBXBuildFile section */
		5BFF3101194D87CD00738A12 /* AppDelegate.swift in Sources */ = {isa = PBXBuildFile; fileRef = 5BFF3100194D87CD00738A12 /* AppDelegate.swift */; };
		5BFF3106194D87CD00738A12 /* Main.storyboard in Resources */ = {isa = PBXBuildFile; fileRef = 5BFF3104194D87CD00738A12 /* Main.storyboard */; };
		5BFF3108194D87CD00738A12 /* Images.xcassets in Resources */ = {isa = PBXBuildFile; fileRef = 5BFF3107194D87CD00738A12 /* Images.xcassets */; };
		5BFF3114194D87CD00738A12 /* SimpleTableTests.swift in Sources */ = {isa = PBXBuildFile; fileRef = 5BFF3113194D87CD00738A12 /* SimpleTableTests.swift */; };
		5BFF311E194D88C600738A12 /* SimpleTableViewController.swift in Sources */ = {isa = PBXBuildFile; fileRef = 5BFF311D194D88C600738A12 /* SimpleTableViewController.swift */; };
/* End PBXBuildFile section */

/* Begin PBXContainerItemProxy section */
		5BFF310E194D87CD00738A12 /* PBXContainerItemProxy */ = {
			isa = PBXContainerItemProxy;
			containerPortal = 5BFF30F3194D87CD00738A12 /* Project object */;
			proxyType = 1;
			remoteGlobalIDString = 5BFF30FA194D87CD00738A12;
			remoteInfo = SimpleTable;
		};
/* End PBXContainerItemProxy section */

/* Begin PBXFileReference section */
		5BFF30FB194D87CD00738A12 /* SimpleTable.app */ = {isa = PBXFileReference; explicitFileType = wrapper.application; includeInIndex = 0; path = SimpleTable.app; sourceTree = BUILT_PRODUCTS_DIR; };
		5BFF30FF194D87CD00738A12 /* Info.plist */ = {isa = PBXFileReference; lastKnownFileType = text.plist.xml; path = Info.plist; sourceTree = "<group>"; };
		5BFF3100194D87CD00738A12 /* AppDelegate.swift */ = {isa = PBXFileReference; lastKnownFileType = sourcecode.swift; path = AppDelegate.swift; sourceTree = "<group>"; };
		5BFF3105194D87CD00738A12 /* Base */ = {isa = PBXFileReference; lastKnownFileType = file.storyboard; name = Base; path = Base.lproj/Main.storyboard; sourceTree = "<group>"; };
		5BFF3107194D87CD00738A12 /* Images.xcassets */ = {isa = PBXFileReference; lastKnownFileType = folder.assetcatalog; path = Images.xcassets; sourceTree = "<group>"; };
		5BFF310D194D87CD00738A12 /* SimpleTableTests.xctest */ = {isa = PBXFileReference; explicitFileType = wrapper.cfbundle; includeInIndex = 0; path = SimpleTableTests.xctest; sourceTree = BUILT_PRODUCTS_DIR; };
		5BFF3112194D87CD00738A12 /* Info.plist */ = {isa = PBXFileReference; lastKnownFileType = text.plist.xml; path = Info.plist; sourceTree = "<group>"; };
		5BFF3113194D87CD00738A12 /* SimpleTableTests.swift */ = {isa = PBXFileReference; lastKnownFileType = sourcecode.swift; path = SimpleTableTests.swift; sourceTree = "<group>"; };
		5BFF311D194D88C600738A12 /* SimpleTableViewController.swift */ = {isa = PBXFileReference; fileEncoding = 4; lastKnownFileType = sourcecode.swift; path = SimpleTableViewController.swift; sourceTree = "<group>"; };
/* End PBXFileReference section */

/* Begin PBXFrameworksBuildPhase section */
		5BFF30F8194D87CD00738A12 /* Frameworks */ = {
			isa = PBXFrameworksBuildPhase;
			buildActionMask = 2147483647;
			files = (
			);
			runOnlyForDeploymentPostprocessing = 0;
		};
		5BFF310A194D87CD00738A12 /* Frameworks */ = {
			isa = PBXFrameworksBuildPhase;
			buildActionMask = 2147483647;
			files = (
			);
			runOnlyForDeploymentPostprocessing = 0;
		};
/* End PBXFrameworksBuildPhase section */

/* Begin PBXGroup section */
		5BFF30F2194D87CD00738A12 = {
			isa = PBXGroup;
			children = (
				5BFF30FD194D87CD00738A12 /* SimpleTable */,
				5BFF3110194D87CD00738A12 /* SimpleTableTests */,
				5BFF30FC194D87CD00738A12 /* Products */,
			);
			sourceTree = "<group>";
		};
		5BFF30FC194D87CD00738A12 /* Products */ = {
			isa = PBXGroup;
			children = (
				5BFF30FB194D87CD00738A12 /* SimpleTable.app */,
				5BFF310D194D87CD00738A12 /* SimpleTableTests.xctest */,
			);
			name = Products;
			sourceTree = "<group>";
		};
		5BFF30FD194D87CD00738A12 /* SimpleTable */ = {
			isa = PBXGroup;
			children = (
				5BFF3100194D87CD00738A12 /* AppDelegate.swift */,
				5BFF3104194D87CD00738A12 /* Main.storyboard */,
				5BFF3107194D87CD00738A12 /* Images.xcassets */,
				5BFF30FE194D87CD00738A12 /* Supporting Files */,
				5BFF311D194D88C600738A12 /* SimpleTableViewController.swift */,
			);
			path = SimpleTable;
			sourceTree = "<group>";
		};
		5BFF30FE194D87CD00738A12 /* Supporting Files */ = {
			isa = PBXGroup;
			children = (
				5BFF30FF194D87CD00738A12 /* Info.plist */,
			);
			name = "Supporting Files";
			sourceTree = "<group>";
		};
		5BFF3110194D87CD00738A12 /* SimpleTableTests */ = {
			isa = PBXGroup;
			children = (
				5BFF3113194D87CD00738A12 /* SimpleTableTests.swift */,
				5BFF3111194D87CD00738A12 /* Supporting Files */,
			);
			path = SimpleTableTests;
			sourceTree = "<group>";
		};
		5BFF3111194D87CD00738A12 /* Supporting Files */ = {
			isa = PBXGroup;
			children = (
				5BFF3112194D87CD00738A12 /* Info.plist */,
			);
			name = "Supporting Files";
			sourceTree = "<group>";
		};
/* End PBXGroup section */

/* Begin PBXNativeTarget section */
		5BFF30FA194D87CD00738A12 /* SimpleTable */ = {
			isa = PBXNativeTarget;
			buildConfigurationList = 5BFF3117194D87CD00738A12 /* Build configuration list for PBXNativeTarget "SimpleTable" */;
			buildPhases = (
				5BFF30F7194D87CD00738A12 /* Sources */,
				5BFF30F8194D87CD00738A12 /* Frameworks */,
				5BFF30F9194D87CD00738A12 /* Resources */,
			);
			buildRules = (
			);
			dependencies = (
			);
			name = SimpleTable;
			productName = SimpleTable;
			productReference = 5BFF30FB194D87CD00738A12 /* SimpleTable.app */;
			productType = "com.apple.product-type.application";
		};
		5BFF310C194D87CD00738A12 /* SimpleTableTests */ = {
			isa = PBXNativeTarget;
			buildConfigurationList = 5BFF311A194D87CD00738A12 /* Build configuration list for PBXNativeTarget "SimpleTableTests" */;
			buildPhases = (
				5BFF3109194D87CD00738A12 /* Sources */,
				5BFF310A194D87CD00738A12 /* Frameworks */,
				5BFF310B194D87CD00738A12 /* Resources */,
			);
			buildRules = (
			);
			dependencies = (
				5BFF310F194D87CD00738A12 /* PBXTargetDependency */,
			);
			name = SimpleTableTests;
			productName = SimpleTableTests;
			productReference = 5BFF310D194D87CD00738A12 /* SimpleTableTests.xctest */;
			productType = "com.apple.product-type.bundle.unit-test";
		};
/* End PBXNativeTarget section */

/* Begin PBXProject section */
		5BFF30F3194D87CD00738A12 /* Project object */ = {
			isa = PBXProject;
			attributes = {
				LastUpgradeCheck = 0600;
				ORGANIZATIONNAME = "Ken Ko";
				TargetAttributes = {
					5BFF30FA194D87CD00738A12 = {
						CreatedOnToolsVersion = 6.0;
					};
					5BFF310C194D87CD00738A12 = {
						CreatedOnToolsVersion = 6.0;
						TestTargetID = 5BFF30FA194D87CD00738A12;
					};
				};
			};
			buildConfigurationList = 5BFF30F6194D87CD00738A12 /* Build configuration list for PBXProject "SimpleTable" */;
			compatibilityVersion = "Xcode 3.2";
			developmentRegion = English;
			hasScannedForEncodings = 0;
			knownRegions = (
				en,
				Base,
			);
			mainGroup = 5BFF30F2194D87CD00738A12;
			productRefGroup = 5BFF30FC194D87CD00738A12 /* Products */;
			projectDirPath = "";
			projectRoot = "";
			targets = (
				5BFF30FA194D87CD00738A12 /* SimpleTable */,
				5BFF310C194D87CD00738A12 /* SimpleTableTests */,
			);
		};
/* End PBXProject section */

/* Begin PBXResourcesBuildPhase section */
		5BFF30F9194D87CD00738A12 /* Resources */ = {
			isa = PBXResourcesBuildPhase;
			buildActionMask = 2147483647;
			files = (
				5BFF3106194D87CD00738A12 /* Main.storyboard in Resources */,
				5BFF3108194D87CD00738A12 /* Images.xcassets in Resources */,
			);
			runOnlyForDeploymentPostprocessing = 0;
		};
		5BFF310B194D87CD00738A12 /* Resources */ = {
			isa = PBXResourcesBuildPhase;
			buildActionMask = 2147483647;
			files = (
			);
			runOnlyForDeploymentPostprocessing = 0;
		};
/* End PBXResourcesBuildPhase section */

/* Begin PBXSourcesBuildPhase section */
		5BFF30F7194D87CD00738A12 /* Sources */ = {
			isa = PBXSourcesBuildPhase;
			buildActionMask = 2147483647;
			files = (
				5BFF311E194D88C600738A12 /* SimpleTableViewController.swift in Sources */,
				5BFF3101194D87CD00738A12 /* AppDelegate.swift in Sources */,
			);
			runOnlyForDeploymentPostprocessing = 0;
		};
		5BFF3109194D87CD00738A12 /* Sources */ = {
			isa = PBXSourcesBuildPhase;
			buildActionMask = 2147483647;
			files = (
				5BFF3114194D87CD00738A12 /* SimpleTableTests.swift in Sources */,
			);
			runOnlyForDeploymentPostprocessing = 0;
		};
/* End PBXSourcesBuildPhase section */

/* Begin PBXTargetDependency section */
		5BFF310F194D87CD00738A12 /* PBXTargetDependency */ = {
			isa = PBXTargetDependency;
			target = 5BFF30FA194D87CD00738A12 /* SimpleTable */;
			targetProxy = 5BFF310E194D87CD00738A12 /* PBXContainerItemProxy */;
		};
/* End PBXTargetDependency section */

/* Begin PBXVariantGroup section */
		5BFF3104194D87CD00738A12 /* Main.storyboard */ = {
			isa = PBXVariantGroup;
			children = (
				5BFF3105194D87CD00738A12 /* Base */,
			);
			name = Main.storyboard;
			sourceTree = "<group>";
		};
/* End PBXVariantGroup section */

/* Begin XCBuildConfiguration section */
		5BFF3115194D87CD00738A12 /* Debug */ = {
			isa = XCBuildConfiguration;
			buildSettings = {
				ALWAYS_SEARCH_USER_PATHS = NO;
				CLANG_CXX_LANGUAGE_STANDARD = "gnu++0x";
				CLANG_CXX_LIBRARY = "libc++";
				CLANG_ENABLE_MODULES = YES;
				CLANG_ENABLE_OBJC_ARC = YES;
				CLANG_WARN_BOOL_CONVERSION = YES;
				CLANG_WARN_CONSTANT_CONVERSION = YES;
				CLANG_WARN_DIRECT_OBJC_ISA_USAGE = YES_ERROR;
				CLANG_WARN_EMPTY_BODY = YES;
				CLANG_WARN_ENUM_CONVERSION = YES;
				CLANG_WARN_INT_CONVERSION = YES;
				CLANG_WARN_OBJC_ROOT_CLASS = YES_ERROR;
				CLANG_WARN_UNREACHABLE_CODE = YES;
				CLANG_WARN__DUPLICATE_METHOD_MATCH = YES;
				"CODE_SIGN_IDENTITY[sdk=iphoneos*]" = "iPhone Developer";
				COPY_PHASE_STRIP = NO;
				ENABLE_STRICT_OBJC_MSGSEND = YES;
				GCC_C_LANGUAGE_STANDARD = gnu99;
				GCC_DYNAMIC_NO_PIC = NO;
				GCC_OPTIMIZATION_LEVEL = 0;
				GCC_PREPROCESSOR_DEFINITIONS = (
					"DEBUG=1",
					"$(inherited)",
				);
				GCC_SYMBOLS_PRIVATE_EXTERN = NO;
				GCC_WARN_64_TO_32_BIT_CONVERSION = YES;
				GCC_WARN_ABOUT_RETURN_TYPE = YES_ERROR;
				GCC_WARN_UNDECLARED_SELECTOR = YES;
				GCC_WARN_UNINITIALIZED_AUTOS = YES_AGGRESSIVE;
				GCC_WARN_UNUSED_FUNCTION = YES;
				GCC_WARN_UNUSED_VARIABLE = YES;
				IPHONEOS_DEPLOYMENT_TARGET = 8.0;
				METAL_ENABLE_DEBUG_INFO = YES;
				ONLY_ACTIVE_ARCH = YES;
				SDKROOT = iphoneos;
				SWIFT_OPTIMIZATION_LEVEL = "-Onone";
			};
			name = Debug;
		};
		5BFF3116194D87CD00738A12 /* Release */ = {
			isa = XCBuildConfiguration;
			buildSettings = {
				ALWAYS_SEARCH_USER_PATHS = NO;
				CLANG_CXX_LANGUAGE_STANDARD = "gnu++0x";
				CLANG_CXX_LIBRARY = "libc++";
				CLANG_ENABLE_MODULES = YES;
				CLANG_ENABLE_OBJC_ARC = YES;
				CLANG_WARN_BOOL_CONVERSION = YES;
				CLANG_WARN_CONSTANT_CONVERSION = YES;
				CLANG_WARN_DIRECT_OBJC_ISA_USAGE = YES_ERROR;
				CLANG_WARN_EMPTY_BODY = YES;
				CLANG_WARN_ENUM_CONVERSION = YES;
				CLANG_WARN_INT_CONVERSION = YES;
				CLANG_WARN_OBJC_ROOT_CLASS = YES_ERROR;
				CLANG_WARN_UNREACHABLE_CODE = YES;
				CLANG_WARN__DUPLICATE_METHOD_MATCH = YES;
				"CODE_SIGN_IDENTITY[sdk=iphoneos*]" = "iPhone Developer";
				COPY_PHASE_STRIP = YES;
				ENABLE_NS_ASSERTIONS = NO;
				ENABLE_STRICT_OBJC_MSGSEND = YES;
				GCC_C_LANGUAGE_STANDARD = gnu99;
				GCC_WARN_64_TO_32_BIT_CONVERSION = YES;
				GCC_WARN_ABOUT_RETURN_TYPE = YES_ERROR;
				GCC_WARN_UNDECLARED_SELECTOR = YES;
				GCC_WARN_UNINITIALIZED_AUTOS = YES_AGGRESSIVE;
				GCC_WARN_UNUSED_FUNCTION = YES;
				GCC_WARN_UNUSED_VARIABLE = YES;
				IPHONEOS_DEPLOYMENT_TARGET = 8.0;
				METAL_ENABLE_DEBUG_INFO = NO;
				SDKROOT = iphoneos;
				VALIDATE_PRODUCT = YES;
			};
			name = Release;
		};
		5BFF3118194D87CD00738A12 /* Debug */ = {
			isa = XCBuildConfiguration;
			buildSettings = {
				ASSETCATALOG_COMPILER_APPICON_NAME = AppIcon;
				ASSETCATALOG_COMPILER_LAUNCHIMAGE_NAME = LaunchImage;
				INFOPLIST_FILE = SimpleTable/Info.plist;
				LD_RUNPATH_SEARCH_PATHS = "$(inherited) @executable_path/Frameworks";
				PRODUCT_NAME = "$(TARGET_NAME)";
			};
			name = Debug;
		};
		5BFF3119194D87CD00738A12 /* Release */ = {
			isa = XCBuildConfiguration;
			buildSettings = {
				ASSETCATALOG_COMPILER_APPICON_NAME = AppIcon;
				ASSETCATALOG_COMPILER_LAUNCHIMAGE_NAME = LaunchImage;
				INFOPLIST_FILE = SimpleTable/Info.plist;
				LD_RUNPATH_SEARCH_PATHS = "$(inherited) @executable_path/Frameworks";
				PRODUCT_NAME = "$(TARGET_NAME)";
			};
			name = Release;
		};
		5BFF311B194D87CD00738A12 /* Debug */ = {
			isa = XCBuildConfiguration;
			buildSettings = {
				BUNDLE_LOADER = "$(BUILT_PRODUCTS_DIR)/SimpleTable.app/SimpleTable";
				FRAMEWORK_SEARCH_PATHS = (
					"$(SDKROOT)/Developer/Library/Frameworks",
					"$(inherited)",
				);
				GCC_PREPROCESSOR_DEFINITIONS = (
					"DEBUG=1",
					"$(inherited)",
				);
				INFOPLIST_FILE = SimpleTableTests/Info.plist;
				LD_RUNPATH_SEARCH_PATHS = "$(inherited) @executable_path/Frameworks @loader_path/Frameworks";
				METAL_ENABLE_DEBUG_INFO = YES;
				PRODUCT_NAME = "$(TARGET_NAME)";
				TEST_HOST = "$(BUNDLE_LOADER)";
			};
			name = Debug;
		};
		5BFF311C194D87CD00738A12 /* Release */ = {
			isa = XCBuildConfiguration;
			buildSettings = {
				BUNDLE_LOADER = "$(BUILT_PRODUCTS_DIR)/SimpleTable.app/SimpleTable";
				FRAMEWORK_SEARCH_PATHS = (
					"$(SDKROOT)/Developer/Library/Frameworks",
					"$(inherited)",
				);
				INFOPLIST_FILE = SimpleTableTests/Info.plist;
				LD_RUNPATH_SEARCH_PATHS = "$(inherited) @executable_path/Frameworks @loader_path/Frameworks";
				METAL_ENABLE_DEBUG_INFO = NO;
				PRODUCT_NAME = "$(TARGET_NAME)";
				TEST_HOST = "$(BUNDLE_LOADER)";
			};
			name = Release;
		};
/* End XCBuildConfiguration section */

/* Begin XCConfigurationList section */
		5BFF30F6194D87CD00738A12 /* Build configuration list for PBXProject "SimpleTable" */ = {
			isa = XCConfigurationList;
			buildConfigurations = (
				5BFF3115194D87CD00738A12 /* Debug */,
				5BFF3116194D87CD00738A12 /* Release */,
			);
			defaultConfigurationIsVisible = 0;
			defaultConfigurationName = Release;
		};
		5BFF3117194D87CD00738A12 /* Build configuration list for PBXNativeTarget "SimpleTable" */ = {
			isa = XCConfigurationList;
			buildConfigurations = (
				5BFF3118194D87CD00738A12 /* Debug */,
				5BFF3119194D87CD00738A12 /* Release */,
			);
			defaultConfigurationIsVisible = 0;
		};
		5BFF311A194D87CD00738A12 /* Build configuration list for PBXNativeTarget "SimpleTableTests" */ = {
			isa = XCConfigurationList;
			buildConfigurations = (
				5BFF311B194D87CD00738A12 /* Debug */,
				5BFF311C194D87CD00738A12 /* Release */,
			);
			defaultConfigurationIsVisible = 0;
		};
/* End XCConfigurationList section */
	};
	rootObject = 5BFF30F3194D87CD00738A12 /* Project object */;
}
