// !$*UTF8*$!
{
	archiveVersion = 1;
	classes = {
	};
	objectVersion = 46;
	objects = {

/* Begin PBXBuildFile section */
		5BBD78E0194FE93A009703D2 /* AppDelegate.swift in Sources */ = {isa = PBXBuildFile; fileRef = 5BBD78DF194FE93A009703D2 /* AppDelegate.swift */; };
		5BBD78E5194FE93A009703D2 /* Main.storyboard in Resources */ = {isa = PBXBuildFile; fileRef = 5BBD78E3194FE93A009703D2 /* Main.storyboard */; };
		5BBD78E7194FE93A009703D2 /* Images.xcassets in Resources */ = {isa = PBXBuildFile; fileRef = 5BBD78E6194FE93A009703D2 /* Images.xcassets */; };
		5BBD78F3194FE93A009703D2 /* ButtonTests.swift in Sources */ = {isa = PBXBuildFile; fileRef = 5BBD78F2194FE93A009703D2 /* ButtonTests.swift */; };
		5BBD78FD194FE978009703D2 /* ButtonSceneViewController.swift in Sources */ = {isa = PBXBuildFile; fileRef = 5BBD78FC194FE978009703D2 /* ButtonSceneViewController.swift */; };
/* End PBXBuildFile section */

/* Begin PBXContainerItemProxy section */
		5BBD78ED194FE93A009703D2 /* PBXContainerItemProxy */ = {
			isa = PBXContainerItemProxy;
			containerPortal = 5BBD78D2194FE93A009703D2 /* Project object */;
			proxyType = 1;
			remoteGlobalIDString = 5BBD78D9194FE93A009703D2;
			remoteInfo = Button;
		};
/* End PBXContainerItemProxy section */

/* Begin PBXFileReference section */
		5BBD78DA194FE93A009703D2 /* Button.app */ = {isa = PBXFileReference; explicitFileType = wrapper.application; includeInIndex = 0; path = Button.app; sourceTree = BUILT_PRODUCTS_DIR; };
		5BBD78DE194FE93A009703D2 /* Info.plist */ = {isa = PBXFileReference; lastKnownFileType = text.plist.xml; path = Info.plist; sourceTree = "<group>"; };
		5BBD78DF194FE93A009703D2 /* AppDelegate.swift */ = {isa = PBXFileReference; lastKnownFileType = sourcecode.swift; path = AppDelegate.swift; sourceTree = "<group>"; };
		5BBD78E4194FE93A009703D2 /* Base */ = {isa = PBXFileReference; lastKnownFileType = file.storyboard; name = Base; path = Base.lproj/Main.storyboard; sourceTree = "<group>"; };
		5BBD78E6194FE93A009703D2 /* Images.xcassets */ = {isa = PBXFileReference; lastKnownFileType = folder.assetcatalog; path = Images.xcassets; sourceTree = "<group>"; };
		5BBD78EC194FE93A009703D2 /* ButtonTests.xctest */ = {isa = PBXFileReference; explicitFileType = wrapper.cfbundle; includeInIndex = 0; path = ButtonTests.xctest; sourceTree = BUILT_PRODUCTS_DIR; };
		5BBD78F1194FE93A009703D2 /* Info.plist */ = {isa = PBXFileReference; lastKnownFileType = text.plist.xml; path = Info.plist; sourceTree = "<group>"; };
		5BBD78F2194FE93A009703D2 /* ButtonTests.swift */ = {isa = PBXFileReference; lastKnownFileType = sourcecode.swift; path = ButtonTests.swift; sourceTree = "<group>"; };
		5BBD78FC194FE978009703D2 /* ButtonSceneViewController.swift */ = {isa = PBXFileReference; fileEncoding = 4; lastKnownFileType = sourcecode.swift; path = ButtonSceneViewController.swift; sourceTree = "<group>"; };
/* End PBXFileReference section */

/* Begin PBXFrameworksBuildPhase section */
		5BBD78D7194FE93A009703D2 /* Frameworks */ = {
			isa = PBXFrameworksBuildPhase;
			buildActionMask = 2147483647;
			files = (
			);
			runOnlyForDeploymentPostprocessing = 0;
		};
		5BBD78E9194FE93A009703D2 /* Frameworks */ = {
			isa = PBXFrameworksBuildPhase;
			buildActionMask = 2147483647;
			files = (
			);
			runOnlyForDeploymentPostprocessing = 0;
		};
/* End PBXFrameworksBuildPhase section */

/* Begin PBXGroup section */
		5BBD78D1194FE93A009703D2 = {
			isa = PBXGroup;
			children = (
				5BBD78DC194FE93A009703D2 /* Button */,
				5BBD78EF194FE93A009703D2 /* ButtonTests */,
				5BBD78DB194FE93A009703D2 /* Products */,
			);
			sourceTree = "<group>";
		};
		5BBD78DB194FE93A009703D2 /* Products */ = {
			isa = PBXGroup;
			children = (
				5BBD78DA194FE93A009703D2 /* Button.app */,
				5BBD78EC194FE93A009703D2 /* ButtonTests.xctest */,
			);
			name = Products;
			sourceTree = "<group>";
		};
		5BBD78DC194FE93A009703D2 /* Button */ = {
			isa = PBXGroup;
			children = (
				5BBD78DF194FE93A009703D2 /* AppDelegate.swift */,
				5BBD78E3194FE93A009703D2 /* Main.storyboard */,
				5BBD78E6194FE93A009703D2 /* Images.xcassets */,
				5BBD78DD194FE93A009703D2 /* Supporting Files */,
				5BBD78FC194FE978009703D2 /* ButtonSceneViewController.swift */,
			);
			path = Button;
			sourceTree = "<group>";
		};
		5BBD78DD194FE93A009703D2 /* Supporting Files */ = {
			isa = PBXGroup;
			children = (
				5BBD78DE194FE93A009703D2 /* Info.plist */,
			);
			name = "Supporting Files";
			sourceTree = "<group>";
		};
		5BBD78EF194FE93A009703D2 /* ButtonTests */ = {
			isa = PBXGroup;
			children = (
				5BBD78F2194FE93A009703D2 /* ButtonTests.swift */,
				5BBD78F0194FE93A009703D2 /* Supporting Files */,
			);
			path = ButtonTests;
			sourceTree = "<group>";
		};
		5BBD78F0194FE93A009703D2 /* Supporting Files */ = {
			isa = PBXGroup;
			children = (
				5BBD78F1194FE93A009703D2 /* Info.plist */,
			);
			name = "Supporting Files";
			sourceTree = "<group>";
		};
/* End PBXGroup section */

/* Begin PBXNativeTarget section */
		5BBD78D9194FE93A009703D2 /* Button */ = {
			isa = PBXNativeTarget;
			buildConfigurationList = 5BBD78F6194FE93A009703D2 /* Build configuration list for PBXNativeTarget "Button" */;
			buildPhases = (
				5BBD78D6194FE93A009703D2 /* Sources */,
				5BBD78D7194FE93A009703D2 /* Frameworks */,
				5BBD78D8194FE93A009703D2 /* Resources */,
			);
			buildRules = (
			);
			dependencies = (
			);
			name = Button;
			productName = Button;
			productReference = 5BBD78DA194FE93A009703D2 /* Button.app */;
			productType = "com.apple.product-type.application";
		};
		5BBD78EB194FE93A009703D2 /* ButtonTests */ = {
			isa = PBXNativeTarget;
			buildConfigurationList = 5BBD78F9194FE93A009703D2 /* Build configuration list for PBXNativeTarget "ButtonTests" */;
			buildPhases = (
				5BBD78E8194FE93A009703D2 /* Sources */,
				5BBD78E9194FE93A009703D2 /* Frameworks */,
				5BBD78EA194FE93A009703D2 /* Resources */,
			);
			buildRules = (
			);
			dependencies = (
				5BBD78EE194FE93A009703D2 /* PBXTargetDependency */,
			);
			name = ButtonTests;
			productName = ButtonTests;
			productReference = 5BBD78EC194FE93A009703D2 /* ButtonTests.xctest */;
			productType = "com.apple.product-type.bundle.unit-test";
		};
/* End PBXNativeTarget section */

/* Begin PBXProject section */
		5BBD78D2194FE93A009703D2 /* Project object */ = {
			isa = PBXProject;
			attributes = {
				LastUpgradeCheck = 0600;
				ORGANIZATIONNAME = "Ken Ko";
				TargetAttributes = {
					5BBD78D9194FE93A009703D2 = {
						CreatedOnToolsVersion = 6.0;
					};
					5BBD78EB194FE93A009703D2 = {
						CreatedOnToolsVersion = 6.0;
						TestTargetID = 5BBD78D9194FE93A009703D2;
					};
				};
			};
			buildConfigurationList = 5BBD78D5194FE93A009703D2 /* Build configuration list for PBXProject "Button" */;
			compatibilityVersion = "Xcode 3.2";
			developmentRegion = English;
			hasScannedForEncodings = 0;
			knownRegions = (
				en,
				Base,
			);
			mainGroup = 5BBD78D1194FE93A009703D2;
			productRefGroup = 5BBD78DB194FE93A009703D2 /* Products */;
			projectDirPath = "";
			projectRoot = "";
			targets = (
				5BBD78D9194FE93A009703D2 /* Button */,
				5BBD78EB194FE93A009703D2 /* ButtonTests */,
			);
		};
/* End PBXProject section */

/* Begin PBXResourcesBuildPhase section */
		5BBD78D8194FE93A009703D2 /* Resources */ = {
			isa = PBXResourcesBuildPhase;
			buildActionMask = 2147483647;
			files = (
				5BBD78E5194FE93A009703D2 /* Main.storyboard in Resources */,
				5BBD78E7194FE93A009703D2 /* Images.xcassets in Resources */,
			);
			runOnlyForDeploymentPostprocessing = 0;
		};
		5BBD78EA194FE93A009703D2 /* Resources */ = {
			isa = PBXResourcesBuildPhase;
			buildActionMask = 2147483647;
			files = (
			);
			runOnlyForDeploymentPostprocessing = 0;
		};
/* End PBXResourcesBuildPhase section */

/* Begin PBXSourcesBuildPhase section */
		5BBD78D6194FE93A009703D2 /* Sources */ = {
			isa = PBXSourcesBuildPhase;
			buildActionMask = 2147483647;
			files = (
				5BBD78FD194FE978009703D2 /* ButtonSceneViewController.swift in Sources */,
				5BBD78E0194FE93A009703D2 /* AppDelegate.swift in Sources */,
			);
			runOnlyForDeploymentPostprocessing = 0;
		};
		5BBD78E8194FE93A009703D2 /* Sources */ = {
			isa = PBXSourcesBuildPhase;
			buildActionMask = 2147483647;
			files = (
				5BBD78F3194FE93A009703D2 /* ButtonTests.swift in Sources */,
			);
			runOnlyForDeploymentPostprocessing = 0;
		};
/* End PBXSourcesBuildPhase section */

/* Begin PBXTargetDependency section */
		5BBD78EE194FE93A009703D2 /* PBXTargetDependency */ = {
			isa = PBXTargetDependency;
			target = 5BBD78D9194FE93A009703D2 /* Button */;
			targetProxy = 5BBD78ED194FE93A009703D2 /* PBXContainerItemProxy */;
		};
/* End PBXTargetDependency section */

/* Begin PBXVariantGroup section */
		5BBD78E3194FE93A009703D2 /* Main.storyboard */ = {
			isa = PBXVariantGroup;
			children = (
				5BBD78E4194FE93A009703D2 /* Base */,
			);
			name = Main.storyboard;
			sourceTree = "<group>";
		};
/* End PBXVariantGroup section */

/* Begin XCBuildConfiguration section */
		5BBD78F4194FE93A009703D2 /* Debug */ = {
			isa = XCBuildConfiguration;
			buildSettings = {
				ALWAYS_SEARCH_USER_PATHS = NO;
				CLANG_CXX_LANGUAGE_STANDARD = "gnu++0x";
				CLANG_CXX_LIBRARY = "libc++";
				CLANG_ENABLE_MODULES = YES;
				CLANG_ENABLE_OBJC_ARC = YES;
				CLANG_WARN_BOOL_CONVERSION = YES;
				CLANG_WARN_CONSTANT_CONVERSION = YES;
				CLANG_WARN_DIRECT_OBJC_ISA_USAGE = YES_ERROR;
				CLANG_WARN_EMPTY_BODY = YES;
				CLANG_WARN_ENUM_CONVERSION = YES;
				CLANG_WARN_INT_CONVERSION = YES;
				CLANG_WARN_OBJC_ROOT_CLASS = YES_ERROR;
				CLANG_WARN_UNREACHABLE_CODE = YES;
				CLANG_WARN__DUPLICATE_METHOD_MATCH = YES;
				"CODE_SIGN_IDENTITY[sdk=iphoneos*]" = "iPhone Developer";
				COPY_PHASE_STRIP = NO;
				ENABLE_STRICT_OBJC_MSGSEND = YES;
				GCC_C_LANGUAGE_STANDARD = gnu99;
				GCC_DYNAMIC_NO_PIC = NO;
				GCC_OPTIMIZATION_LEVEL = 0;
				GCC_PREPROCESSOR_DEFINITIONS = (
					"DEBUG=1",
					"$(inherited)",
				);
				GCC_SYMBOLS_PRIVATE_EXTERN = NO;
				GCC_WARN_64_TO_32_BIT_CONVERSION = YES;
				GCC_WARN_ABOUT_RETURN_TYPE = YES_ERROR;
				GCC_WARN_UNDECLARED_SELECTOR = YES;
				GCC_WARN_UNINITIALIZED_AUTOS = YES_AGGRESSIVE;
				GCC_WARN_UNUSED_FUNCTION = YES;
				GCC_WARN_UNUSED_VARIABLE = YES;
				IPHONEOS_DEPLOYMENT_TARGET = 8.0;
				METAL_ENABLE_DEBUG_INFO = YES;
				ONLY_ACTIVE_ARCH = YES;
				SDKROOT = iphoneos;
				SWIFT_OPTIMIZATION_LEVEL = "-Onone";
			};
			name = Debug;
		};
		5BBD78F5194FE93A009703D2 /* Release */ = {
			isa = XCBuildConfiguration;
			buildSettings = {
				ALWAYS_SEARCH_USER_PATHS = NO;
				CLANG_CXX_LANGUAGE_STANDARD = "gnu++0x";
				CLANG_CXX_LIBRARY = "libc++";
				CLANG_ENABLE_MODULES = YES;
				CLANG_ENABLE_OBJC_ARC = YES;
				CLANG_WARN_BOOL_CONVERSION = YES;
				CLANG_WARN_CONSTANT_CONVERSION = YES;
				CLANG_WARN_DIRECT_OBJC_ISA_USAGE = YES_ERROR;
				CLANG_WARN_EMPTY_BODY = YES;
				CLANG_WARN_ENUM_CONVERSION = YES;
				CLANG_WARN_INT_CONVERSION = YES;
				CLANG_WARN_OBJC_ROOT_CLASS = YES_ERROR;
				CLANG_WARN_UNREACHABLE_CODE = YES;
				CLANG_WARN__DUPLICATE_METHOD_MATCH = YES;
				"CODE_SIGN_IDENTITY[sdk=iphoneos*]" = "iPhone Developer";
				COPY_PHASE_STRIP = YES;
				ENABLE_NS_ASSERTIONS = NO;
				ENABLE_STRICT_OBJC_MSGSEND = YES;
				GCC_C_LANGUAGE_STANDARD = gnu99;
				GCC_WARN_64_TO_32_BIT_CONVERSION = YES;
				GCC_WARN_ABOUT_RETURN_TYPE = YES_ERROR;
				GCC_WARN_UNDECLARED_SELECTOR = YES;
				GCC_WARN_UNINITIALIZED_AUTOS = YES_AGGRESSIVE;
				GCC_WARN_UNUSED_FUNCTION = YES;
				GCC_WARN_UNUSED_VARIABLE = YES;
				IPHONEOS_DEPLOYMENT_TARGET = 8.0;
				METAL_ENABLE_DEBUG_INFO = NO;
				SDKROOT = iphoneos;
				VALIDATE_PRODUCT = YES;
			};
			name = Release;
		};
		5BBD78F7194FE93A009703D2 /* Debug */ = {
			isa = XCBuildConfiguration;
			buildSettings = {
				ASSETCATALOG_COMPILER_APPICON_NAME = AppIcon;
				ASSETCATALOG_COMPILER_LAUNCHIMAGE_NAME = LaunchImage;
				INFOPLIST_FILE = Button/Info.plist;
				LD_RUNPATH_SEARCH_PATHS = "$(inherited) @executable_path/Frameworks";
				PRODUCT_NAME = "$(TARGET_NAME)";
			};
			name = Debug;
		};
		5BBD78F8194FE93A009703D2 /* Release */ = {
			isa = XCBuildConfiguration;
			buildSettings = {
				ASSETCATALOG_COMPILER_APPICON_NAME = AppIcon;
				ASSETCATALOG_COMPILER_LAUNCHIMAGE_NAME = LaunchImage;
				INFOPLIST_FILE = Button/Info.plist;
				LD_RUNPATH_SEARCH_PATHS = "$(inherited) @executable_path/Frameworks";
				PRODUCT_NAME = "$(TARGET_NAME)";
			};
			name = Release;
		};
		5BBD78FA194FE93A009703D2 /* Debug */ = {
			isa = XCBuildConfiguration;
			buildSettings = {
				BUNDLE_LOADER = "$(BUILT_PRODUCTS_DIR)/Button.app/Button";
				FRAMEWORK_SEARCH_PATHS = (
					"$(SDKROOT)/Developer/Library/Frameworks",
					"$(inherited)",
				);
				GCC_PREPROCESSOR_DEFINITIONS = (
					"DEBUG=1",
					"$(inherited)",
				);
				INFOPLIST_FILE = ButtonTests/Info.plist;
				LD_RUNPATH_SEARCH_PATHS = "$(inherited) @executable_path/Frameworks @loader_path/Frameworks";
				METAL_ENABLE_DEBUG_INFO = YES;
				PRODUCT_NAME = "$(TARGET_NAME)";
				TEST_HOST = "$(BUNDLE_LOADER)";
			};
			name = Debug;
		};
		5BBD78FB194FE93A009703D2 /* Release */ = {
			isa = XCBuildConfiguration;
			buildSettings = {
				BUNDLE_LOADER = "$(BUILT_PRODUCTS_DIR)/Button.app/Button";
				FRAMEWORK_SEARCH_PATHS = (
					"$(SDKROOT)/Developer/Library/Frameworks",
					"$(inherited)",
				);
				INFOPLIST_FILE = ButtonTests/Info.plist;
				LD_RUNPATH_SEARCH_PATHS = "$(inherited) @executable_path/Frameworks @loader_path/Frameworks";
				METAL_ENABLE_DEBUG_INFO = NO;
				PRODUCT_NAME = "$(TARGET_NAME)";
				TEST_HOST = "$(BUNDLE_LOADER)";
			};
			name = Release;
		};
/* End XCBuildConfiguration section */

/* Begin XCConfigurationList section */
		5BBD78D5194FE93A009703D2 /* Build configuration list for PBXProject "Button" */ = {
			isa = XCConfigurationList;
			buildConfigurations = (
				5BBD78F4194FE93A009703D2 /* Debug */,
				5BBD78F5194FE93A009703D2 /* Release */,
			);
			defaultConfigurationIsVisible = 0;
			defaultConfigurationName = Release;
		};
		5BBD78F6194FE93A009703D2 /* Build configuration list for PBXNativeTarget "Button" */ = {
			isa = XCConfigurationList;
			buildConfigurations = (
				5BBD78F7194FE93A009703D2 /* Debug */,
				5BBD78F8194FE93A009703D2 /* Release */,
			);
			defaultConfigurationIsVisible = 0;
		};
		5BBD78F9194FE93A009703D2 /* Build configuration list for PBXNativeTarget "ButtonTests" */ = {
			isa = XCConfigurationList;
			buildConfigurations = (
				5BBD78FA194FE93A009703D2 /* Debug */,
				5BBD78FB194FE93A009703D2 /* Release */,
			);
			defaultConfigurationIsVisible = 0;
		};
/* End XCConfigurationList section */
	};
	rootObject = 5BBD78D2194FE93A009703D2 /* Project object */;
}
